// !$*UTF8*$!
{
	archiveVersion = 1;
	classes = {
	};
	objectVersion = 77;
	objects = {

/* Begin PBXContainerItemProxy section */
		183FE0442CC1A2EF007979F9 /* PBXContainerItemProxy */ = {
			isa = PBXContainerItemProxy;
			containerPortal = 183FE0252CC1A2EB007979F9 /* Project object */;
			proxyType = 1;
			remoteGlobalIDString = 183FE02C2CC1A2EB007979F9;
			remoteInfo = CashFloat;
		};
		183FE04E2CC1A2EF007979F9 /* PBXContainerItemProxy */ = {
			isa = PBXContainerItemProxy;
			containerPortal = 183FE0252CC1A2EB007979F9 /* Project object */;
			proxyType = 1;
			remoteGlobalIDString = 183FE02C2CC1A2EB007979F9;
			remoteInfo = CashFloat;
		};
/* End PBXContainerItemProxy section */

/* Begin PBXFileReference section */
		183FE02D2CC1A2EB007979F9 /* CashFloat.app */ = {isa = PBXFileReference; explicitFileType = wrapper.application; includeInIndex = 0; path = CashFloat.app; sourceTree = BUILT_PRODUCTS_DIR; };
		183FE0432CC1A2EF007979F9 /* CashFloatTests.xctest */ = {isa = PBXFileReference; explicitFileType = wrapper.cfbundle; includeInIndex = 0; path = CashFloatTests.xctest; sourceTree = BUILT_PRODUCTS_DIR; };
		183FE04D2CC1A2EF007979F9 /* CashFloatUITests.xctest */ = {isa = PBXFileReference; explicitFileType = wrapper.cfbundle; includeInIndex = 0; path = CashFloatUITests.xctest; sourceTree = BUILT_PRODUCTS_DIR; };
/* End PBXFileReference section */

/* Begin PBXFileSystemSynchronizedBuildFileExceptionSet section */
		183FE0552CC1A2EF007979F9 /* Exceptions for "CashFloat" folder in "CashFloat" target */ = {
			isa = PBXFileSystemSynchronizedBuildFileExceptionSet;
			membershipExceptions = (
				Info.plist,
			);
			target = 183FE02C2CC1A2EB007979F9 /* CashFloat */;
		};
/* End PBXFileSystemSynchronizedBuildFileExceptionSet section */

/* Begin PBXFileSystemSynchronizedRootGroup section */
		183FE02F2CC1A2EB007979F9 /* CashFloat */ = {
			isa = PBXFileSystemSynchronizedRootGroup;
			exceptions = (
				183FE0552CC1A2EF007979F9 /* Exceptions for "CashFloat" folder in "CashFloat" target */,
			);
			path = CashFloat;
			sourceTree = "<group>";
		};
		183FE0462CC1A2EF007979F9 /* CashFloatTests */ = {
			isa = PBXFileSystemSynchronizedRootGroup;
			path = CashFloatTests;
			sourceTree = "<group>";
		};
		183FE0502CC1A2EF007979F9 /* CashFloatUITests */ = {
			isa = PBXFileSystemSynchronizedRootGroup;
			path = CashFloatUITests;
			sourceTree = "<group>";
		};
/* End PBXFileSystemSynchronizedRootGroup section */

/* Begin PBXFrameworksBuildPhase section */
		183FE02A2CC1A2EB007979F9 /* Frameworks */ = {
			isa = PBXFrameworksBuildPhase;
			buildActionMask = 2147483647;
			files = (
			);
			runOnlyForDeploymentPostprocessing = 0;
		};
		183FE0402CC1A2EF007979F9 /* Frameworks */ = {
			isa = PBXFrameworksBuildPhase;
			buildActionMask = 2147483647;
			files = (
			);
			runOnlyForDeploymentPostprocessing = 0;
		};
		183FE04A2CC1A2EF007979F9 /* Frameworks */ = {
			isa = PBXFrameworksBuildPhase;
			buildActionMask = 2147483647;
			files = (
			);
			runOnlyForDeploymentPostprocessing = 0;
		};
/* End PBXFrameworksBuildPhase section */

/* Begin PBXGroup section */
		183FE0242CC1A2EB007979F9 = {
			isa = PBXGroup;
			children = (
				183FE02F2CC1A2EB007979F9 /* CashFloat */,
				183FE0462CC1A2EF007979F9 /* CashFloatTests */,
				183FE0502CC1A2EF007979F9 /* CashFloatUITests */,
				183FE02E2CC1A2EB007979F9 /* Products */,
			);
			sourceTree = "<group>";
		};
		183FE02E2CC1A2EB007979F9 /* Products */ = {
			isa = PBXGroup;
			children = (
				183FE02D2CC1A2EB007979F9 /* CashFloat.app */,
				183FE0432CC1A2EF007979F9 /* CashFloatTests.xctest */,
				183FE04D2CC1A2EF007979F9 /* CashFloatUITests.xctest */,
			);
			name = Products;
			sourceTree = "<group>";
		};
/* End PBXGroup section */

/* Begin PBXNativeTarget section */
		183FE02C2CC1A2EB007979F9 /* CashFloat */ = {
			isa = PBXNativeTarget;
			buildConfigurationList = 183FE0562CC1A2EF007979F9 /* Build configuration list for PBXNativeTarget "CashFloat" */;
			buildPhases = (
				183FE0292CC1A2EB007979F9 /* Sources */,
				183FE02A2CC1A2EB007979F9 /* Frameworks */,
				183FE02B2CC1A2EB007979F9 /* Resources */,
			);
			buildRules = (
			);
			dependencies = (
			);
			fileSystemSynchronizedGroups = (
				183FE02F2CC1A2EB007979F9 /* CashFloat */,
			);
			name = CashFloat;
			packageProductDependencies = (
			);
			productName = CashFloat;
			productReference = 183FE02D2CC1A2EB007979F9 /* CashFloat.app */;
			productType = "com.apple.product-type.application";
		};
		183FE0422CC1A2EF007979F9 /* CashFloatTests */ = {
			isa = PBXNativeTarget;
			buildConfigurationList = 183FE05B2CC1A2EF007979F9 /* Build configuration list for PBXNativeTarget "CashFloatTests" */;
			buildPhases = (
				183FE03F2CC1A2EF007979F9 /* Sources */,
				183FE0402CC1A2EF007979F9 /* Frameworks */,
				183FE0412CC1A2EF007979F9 /* Resources */,
			);
			buildRules = (
			);
			dependencies = (
				183FE0452CC1A2EF007979F9 /* PBXTargetDependency */,
			);
			fileSystemSynchronizedGroups = (
				183FE0462CC1A2EF007979F9 /* CashFloatTests */,
			);
			name = CashFloatTests;
			packageProductDependencies = (
			);
			productName = CashFloatTests;
			productReference = 183FE0432CC1A2EF007979F9 /* CashFloatTests.xctest */;
			productType = "com.apple.product-type.bundle.unit-test";
		};
		183FE04C2CC1A2EF007979F9 /* CashFloatUITests */ = {
			isa = PBXNativeTarget;
			buildConfigurationList = 183FE05E2CC1A2EF007979F9 /* Build configuration list for PBXNativeTarget "CashFloatUITests" */;
			buildPhases = (
				183FE0492CC1A2EF007979F9 /* Sources */,
				183FE04A2CC1A2EF007979F9 /* Frameworks */,
				183FE04B2CC1A2EF007979F9 /* Resources */,
			);
			buildRules = (
			);
			dependencies = (
				183FE04F2CC1A2EF007979F9 /* PBXTargetDependency */,
			);
			fileSystemSynchronizedGroups = (
				183FE0502CC1A2EF007979F9 /* CashFloatUITests */,
			);
			name = CashFloatUITests;
			packageProductDependencies = (
			);
			productName = CashFloatUITests;
			productReference = 183FE04D2CC1A2EF007979F9 /* CashFloatUITests.xctest */;
			productType = "com.apple.product-type.bundle.ui-testing";
		};
/* End PBXNativeTarget section */

/* Begin PBXProject section */
		183FE0252CC1A2EB007979F9 /* Project object */ = {
			isa = PBXProject;
			attributes = {
				BuildIndependentTargetsInParallel = 1;
				LastSwiftUpdateCheck = 1600;
				LastUpgradeCheck = 1600;
				TargetAttributes = {
					183FE02C2CC1A2EB007979F9 = {
						CreatedOnToolsVersion = 16.0;
					};
					183FE0422CC1A2EF007979F9 = {
						CreatedOnToolsVersion = 16.0;
						TestTargetID = 183FE02C2CC1A2EB007979F9;
					};
					183FE04C2CC1A2EF007979F9 = {
						CreatedOnToolsVersion = 16.0;
						TestTargetID = 183FE02C2CC1A2EB007979F9;
					};
				};
			};
			buildConfigurationList = 183FE0282CC1A2EB007979F9 /* Build configuration list for PBXProject "CashFloat" */;
			developmentRegion = en;
			hasScannedForEncodings = 0;
			knownRegions = (
				en,
				Base,
			);
			mainGroup = 183FE0242CC1A2EB007979F9;
			minimizedProjectReferenceProxies = 1;
			preferredProjectObjectVersion = 77;
			productRefGroup = 183FE02E2CC1A2EB007979F9 /* Products */;
			projectDirPath = "";
			projectRoot = "";
			targets = (
				183FE02C2CC1A2EB007979F9 /* CashFloat */,
				183FE0422CC1A2EF007979F9 /* CashFloatTests */,
				183FE04C2CC1A2EF007979F9 /* CashFloatUITests */,
			);
		};
/* End PBXProject section */

/* Begin PBXResourcesBuildPhase section */
		183FE02B2CC1A2EB007979F9 /* Resources */ = {
			isa = PBXResourcesBuildPhase;
			buildActionMask = 2147483647;
			files = (
			);
			runOnlyForDeploymentPostprocessing = 0;
		};
		183FE0412CC1A2EF007979F9 /* Resources */ = {
			isa = PBXResourcesBuildPhase;
			buildActionMask = 2147483647;
			files = (
			);
			runOnlyForDeploymentPostprocessing = 0;
		};
		183FE04B2CC1A2EF007979F9 /* Resources */ = {
			isa = PBXResourcesBuildPhase;
			buildActionMask = 2147483647;
			files = (
			);
			runOnlyForDeploymentPostprocessing = 0;
		};
/* End PBXResourcesBuildPhase section */

/* Begin PBXSourcesBuildPhase section */
		183FE0292CC1A2EB007979F9 /* Sources */ = {
			isa = PBXSourcesBuildPhase;
			buildActionMask = 2147483647;
			files = (
			);
			runOnlyForDeploymentPostprocessing = 0;
		};
		183FE03F2CC1A2EF007979F9 /* Sources */ = {
			isa = PBXSourcesBuildPhase;
			buildActionMask = 2147483647;
			files = (
			);
			runOnlyForDeploymentPostprocessing = 0;
		};
		183FE0492CC1A2EF007979F9 /* Sources */ = {
			isa = PBXSourcesBuildPhase;
			buildActionMask = 2147483647;
			files = (
			);
			runOnlyForDeploymentPostprocessing = 0;
		};
/* End PBXSourcesBuildPhase section */

/* Begin PBXTargetDependency section */
		183FE0452CC1A2EF007979F9 /* PBXTargetDependency */ = {
			isa = PBXTargetDependency;
			target = 183FE02C2CC1A2EB007979F9 /* CashFloat */;
			targetProxy = 183FE0442CC1A2EF007979F9 /* PBXContainerItemProxy */;
		};
		183FE04F2CC1A2EF007979F9 /* PBXTargetDependency */ = {
			isa = PBXTargetDependency;
			target = 183FE02C2CC1A2EB007979F9 /* CashFloat */;
			targetProxy = 183FE04E2CC1A2EF007979F9 /* PBXContainerItemProxy */;
		};
/* End PBXTargetDependency section */

/* Begin XCBuildConfiguration section */
		183FE0572CC1A2EF007979F9 /* Debug */ = {
			isa = XCBuildConfiguration;
			buildSettings = {
				ASSETCATALOG_COMPILER_APPICON_NAME = AppIcon;
				ASSETCATALOG_COMPILER_GLOBAL_ACCENT_COLOR_NAME = AccentColor;
				CODE_SIGN_STYLE = Automatic;
				CURRENT_PROJECT_VERSION = 1;
				GENERATE_INFOPLIST_FILE = YES;
				INFOPLIST_FILE = CashFloat/Info.plist;
				INFOPLIST_KEY_UIApplicationSupportsIndirectInputEvents = YES;
				INFOPLIST_KEY_UILaunchStoryboardName = LaunchScreen;
				INFOPLIST_KEY_UIMainStoryboardFile = Main;
				INFOPLIST_KEY_UISupportedInterfaceOrientations_iPad = "UIInterfaceOrientationPortrait UIInterfaceOrientationPortraitUpsideDown UIInterfaceOrientationLandscapeLeft UIInterfaceOrientationLandscapeRight";
				INFOPLIST_KEY_UISupportedInterfaceOrientations_iPhone = "UIInterfaceOrientationPortrait UIInterfaceOrientationLandscapeLeft UIInterfaceOrientationLandscapeRight";
				LD_RUNPATH_SEARCH_PATHS = (
					"$(inherited)",
					"@executable_path/Frameworks",
				);
				MARKETING_VERSION = 1.0;
				PRODUCT_BUNDLE_IDENTIFIER = com.CashFloat;
				PRODUCT_NAME = "$(TARGET_NAME)";
				SWIFT_EMIT_LOC_STRINGS = YES;
				SWIFT_VERSION = 5.0;
				TARGETED_DEVICE_FAMILY = "1,2";
			};
			name = Debug;
		};
		183FE0582CC1A2EF007979F9 /* Release */ = {
			isa = XCBuildConfiguration;
			buildSettings = {
				ASSETCATALOG_COMPILER_APPICON_NAME = AppIcon;
				ASSETCATALOG_COMPILER_GLOBAL_ACCENT_COLOR_NAME = AccentColor;
				CODE_SIGN_STYLE = Automatic;
				CURRENT_PROJECT_VERSION = 1;
				GENERATE_INFOPLIST_FILE = YES;
				INFOPLIST_FILE = CashFloat/Info.plist;
				INFOPLIST_KEY_UIApplicationSupportsIndirectInputEvents = YES;
				INFOPLIST_KEY_UILaunchStoryboardName = LaunchScreen;
				INFOPLIST_KEY_UIMainStoryboardFile = Main;
				INFOPLIST_KEY_UISupportedInterfaceOrientations_iPad = "UIInterfaceOrientationPortrait UIInterfaceOrientationPortraitUpsideDown UIInterfaceOrientationLandscapeLeft UIInterfaceOrientationLandscapeRight";
				INFOPLIST_KEY_UISupportedInterfaceOrientations_iPhone = "UIInterfaceOrientationPortrait UIInterfaceOrientationLandscapeLeft UIInterfaceOrientationLandscapeRight";
				LD_RUNPATH_SEARCH_PATHS = (
					"$(inherited)",
					"@executable_path/Frameworks",
				);
				MARKETING_VERSION = 1.0;
				PRODUCT_BUNDLE_IDENTIFIER = com.CashFloat;
				PRODUCT_NAME = "$(TARGET_NAME)";
				SWIFT_EMIT_LOC_STRINGS = YES;
				SWIFT_VERSION = 5.0;
				TARGETED_DEVICE_FAMILY = "1,2";
			};
			name = Release;
		};
		183FE0592CC1A2EF007979F9 /* Debug */ = {
			isa = XCBuildConfiguration;
			buildSettings = {
				ALWAYS_SEARCH_USER_PATHS = NO;
				ASSETCATALOG_COMPILER_GENERATE_SWIFT_ASSET_SYMBOL_EXTENSIONS = YES;
				CLANG_ANALYZER_NONNULL = YES;
				CLANG_ANALYZER_NUMBER_OBJECT_CONVERSION = YES_AGGRESSIVE;
				CLANG_CXX_LANGUAGE_STANDARD = "gnu++20";
				CLANG_ENABLE_MODULES = YES;
				CLANG_ENABLE_OBJC_ARC = YES;
				CLANG_ENABLE_OBJC_WEAK = YES;
				CLANG_WARN_BLOCK_CAPTURE_AUTORELEASING = YES;
				CLANG_WARN_BOOL_CONVERSION = YES;
				CLANG_WARN_COMMA = YES;
				CLANG_WARN_CONSTANT_CONVERSION = YES;
				CLANG_WARN_DEPRECATED_OBJC_IMPLEMENTATIONS = YES;
				CLANG_WARN_DIRECT_OBJC_ISA_USAGE = YES_ERROR;
				CLANG_WARN_DOCUMENTATION_COMMENTS = YES;
				CLANG_WARN_EMPTY_BODY = YES;
				CLANG_WARN_ENUM_CONVERSION = YES;
				CLANG_WARN_INFINITE_RECURSION = YES;
				CLANG_WARN_INT_CONVERSION = YES;
				CLANG_WARN_NON_LITERAL_NULL_CONVERSION = YES;
				CLANG_WARN_OBJC_IMPLICIT_RETAIN_SELF = YES;
				CLANG_WARN_OBJC_LITERAL_CONVERSION = YES;
				CLANG_WARN_OBJC_ROOT_CLASS = YES_ERROR;
				CLANG_WARN_QUOTED_INCLUDE_IN_FRAMEWORK_HEADER = YES;
				CLANG_WARN_RANGE_LOOP_ANALYSIS = YES;
				CLANG_WARN_STRICT_PROTOTYPES = YES;
				CLANG_WARN_SUSPICIOUS_MOVE = YES;
				CLANG_WARN_UNGUARDED_AVAILABILITY = YES_AGGRESSIVE;
				CLANG_WARN_UNREACHABLE_CODE = YES;
				CLANG_WARN__DUPLICATE_METHOD_MATCH = YES;
				COPY_PHASE_STRIP = NO;
				DEBUG_INFORMATION_FORMAT = dwarf;
				ENABLE_STRICT_OBJC_MSGSEND = YES;
				ENABLE_TESTABILITY = YES;
				ENABLE_USER_SCRIPT_SANDBOXING = YES;
				GCC_C_LANGUAGE_STANDARD = gnu17;
				GCC_DYNAMIC_NO_PIC = NO;
				GCC_NO_COMMON_BLOCKS = YES;
				GCC_OPTIMIZATION_LEVEL = 0;
				GCC_PREPROCESSOR_DEFINITIONS = (
					"DEBUG=1",
					"$(inherited)",
				);
				GCC_WARN_64_TO_32_BIT_CONVERSION = YES;
				GCC_WARN_ABOUT_RETURN_TYPE = YES_ERROR;
				GCC_WARN_UNDECLARED_SELECTOR = YES;
				GCC_WARN_UNINITIALIZED_AUTOS = YES_AGGRESSIVE;
				GCC_WARN_UNUSED_FUNCTION = YES;
				GCC_WARN_UNUSED_VARIABLE = YES;
				IPHONEOS_DEPLOYMENT_TARGET = 18.0;
				LOCALIZATION_PREFERS_STRING_CATALOGS = YES;
				MTL_ENABLE_DEBUG_INFO = INCLUDE_SOURCE;
				MTL_FAST_MATH = YES;
				ONLY_ACTIVE_ARCH = YES;
				SDKROOT = iphoneos;
				SWIFT_ACTIVE_COMPILATION_CONDITIONS = "DEBUG $(inherited)";
				SWIFT_OPTIMIZATION_LEVEL = "-Onone";
			};
			name = Debug;
		};
		183FE05A2CC1A2EF007979F9 /* Release */ = {
			isa = XCBuildConfiguration;
			buildSettings = {
				ALWAYS_SEARCH_USER_PATHS = NO;
				ASSETCATALOG_COMPILER_GENERATE_SWIFT_ASSET_SYMBOL_EXTENSIONS = YES;
				CLANG_ANALYZER_NONNULL = YES;
				CLANG_ANALYZER_NUMBER_OBJECT_CONVERSION = YES_AGGRESSIVE;
				CLANG_CXX_LANGUAGE_STANDARD = "gnu++20";
				CLANG_ENABLE_MODULES = YES;
				CLANG_ENABLE_OBJC_ARC = YES;
				CLANG_ENABLE_OBJC_WEAK = YES;
				CLANG_WARN_BLOCK_CAPTURE_AUTORELEASING = YES;
				CLANG_WARN_BOOL_CONVERSION = YES;
				CLANG_WARN_COMMA = YES;
				CLANG_WARN_CONSTANT_CONVERSION = YES;
				CLANG_WARN_DEPRECATED_OBJC_IMPLEMENTATIONS = YES;
				CLANG_WARN_DIRECT_OBJC_ISA_USAGE = YES_ERROR;
				CLANG_WARN_DOCUMENTATION_COMMENTS = YES;
				CLANG_WARN_EMPTY_BODY = YES;
				CLANG_WARN_ENUM_CONVERSION = YES;
				CLANG_WARN_INFINITE_RECURSION = YES;
				CLANG_WARN_INT_CONVERSION = YES;
				CLANG_WARN_NON_LITERAL_NULL_CONVERSION = YES;
				CLANG_WARN_OBJC_IMPLICIT_RETAIN_SELF = YES;
				CLANG_WARN_OBJC_LITERAL_CONVERSION = YES;
				CLANG_WARN_OBJC_ROOT_CLASS = YES_ERROR;
				CLANG_WARN_QUOTED_INCLUDE_IN_FRAMEWORK_HEADER = YES;
				CLANG_WARN_RANGE_LOOP_ANALYSIS = YES;
				CLANG_WARN_STRICT_PROTOTYPES = YES;
				CLANG_WARN_SUSPICIOUS_MOVE = YES;
				CLANG_WARN_UNGUARDED_AVAILABILITY = YES_AGGRESSIVE;
				CLANG_WARN_UNREACHABLE_CODE = YES;
				CLANG_WARN__DUPLICATE_METHOD_MATCH = YES;
				COPY_PHASE_STRIP = NO;
				DEBUG_INFORMATION_FORMAT = "dwarf-with-dsym";
				ENABLE_NS_ASSERTIONS = NO;
				ENABLE_STRICT_OBJC_MSGSEND = YES;
				ENABLE_USER_SCRIPT_SANDBOXING = YES;
				GCC_C_LANGUAGE_STANDARD = gnu17;
				GCC_NO_COMMON_BLOCKS = YES;
				GCC_WARN_64_TO_32_BIT_CONVERSION = YES;
				GCC_WARN_ABOUT_RETURN_TYPE = YES_ERROR;
				GCC_WARN_UNDECLARED_SELECTOR = YES;
				GCC_WARN_UNINITIALIZED_AUTOS = YES_AGGRESSIVE;
				GCC_WARN_UNUSED_FUNCTION = YES;
				GCC_WARN_UNUSED_VARIABLE = YES;
				IPHONEOS_DEPLOYMENT_TARGET = 18.0;
				LOCALIZATION_PREFERS_STRING_CATALOGS = YES;
				MTL_ENABLE_DEBUG_INFO = NO;
				MTL_FAST_MATH = YES;
				SDKROOT = iphoneos;
				SWIFT_COMPILATION_MODE = wholemodule;
				VALIDATE_PRODUCT = YES;
			};
			name = Release;
		};
		183FE05C2CC1A2EF007979F9 /* Debug */ = {
			isa = XCBuildConfiguration;
			buildSettings = {
				BUNDLE_LOADER = "$(TEST_HOST)";
				CODE_SIGN_STYLE = Automatic;
				CURRENT_PROJECT_VERSION = 1;
				GENERATE_INFOPLIST_FILE = YES;
				IPHONEOS_DEPLOYMENT_TARGET = 18.0;
				MARKETING_VERSION = 1.0;
				PRODUCT_BUNDLE_IDENTIFIER = com.CashFloatTests;
				PRODUCT_NAME = "$(TARGET_NAME)";
				SWIFT_EMIT_LOC_STRINGS = NO;
				SWIFT_VERSION = 5.0;
				TARGETED_DEVICE_FAMILY = "1,2";
				TEST_HOST = "$(BUILT_PRODUCTS_DIR)/CashFloat.app/$(BUNDLE_EXECUTABLE_FOLDER_PATH)/CashFloat";
			};
			name = Debug;
		};
		183FE05D2CC1A2EF007979F9 /* Release */ = {
			isa = XCBuildConfiguration;
			buildSettings = {
				BUNDLE_LOADER = "$(TEST_HOST)";
				CODE_SIGN_STYLE = Automatic;
				CURRENT_PROJECT_VERSION = 1;
				GENERATE_INFOPLIST_FILE = YES;
				IPHONEOS_DEPLOYMENT_TARGET = 18.0;
				MARKETING_VERSION = 1.0;
				PRODUCT_BUNDLE_IDENTIFIER = com.CashFloatTests;
				PRODUCT_NAME = "$(TARGET_NAME)";
				SWIFT_EMIT_LOC_STRINGS = NO;
				SWIFT_VERSION = 5.0;
				TARGETED_DEVICE_FAMILY = "1,2";
				TEST_HOST = "$(BUILT_PRODUCTS_DIR)/CashFloat.app/$(BUNDLE_EXECUTABLE_FOLDER_PATH)/CashFloat";
			};
			name = Release;
		};
		183FE05F2CC1A2EF007979F9 /* Debug */ = {
			isa = XCBuildConfiguration;
			buildSettings = {
				CODE_SIGN_STYLE = Automatic;
				CURRENT_PROJECT_VERSION = 1;
				GENERATE_INFOPLIST_FILE = YES;
				MARKETING_VERSION = 1.0;
				PRODUCT_BUNDLE_IDENTIFIER = com.CashFloatUITests;
				PRODUCT_NAME = "$(TARGET_NAME)";
				SWIFT_EMIT_LOC_STRINGS = NO;
				SWIFT_VERSION = 5.0;
				TARGETED_DEVICE_FAMILY = "1,2";
				TEST_TARGET_NAME = CashFloat;
			};
			name = Debug;
		};
		183FE0602CC1A2EF007979F9 /* Release */ = {
			isa = XCBuildConfiguration;
			buildSettings = {
				CODE_SIGN_STYLE = Automatic;
				CURRENT_PROJECT_VERSION = 1;
				GENERATE_INFOPLIST_FILE = YES;
				MARKETING_VERSION = 1.0;
				PRODUCT_BUNDLE_IDENTIFIER = com.CashFloatUITests;
				PRODUCT_NAME = "$(TARGET_NAME)";
				SWIFT_EMIT_LOC_STRINGS = NO;
				SWIFT_VERSION = 5.0;
				TARGETED_DEVICE_FAMILY = "1,2";
				TEST_TARGET_NAME = CashFloat;
			};
			name = Release;
		};
/* End XCBuildConfiguration section */

/* Begin XCConfigurationList section */
		183FE0282CC1A2EB007979F9 /* Build configuration list for PBXProject "CashFloat" */ = {
			isa = XCConfigurationList;
			buildConfigurations = (
				183FE0592CC1A2EF007979F9 /* Debug */,
				183FE05A2CC1A2EF007979F9 /* Release */,
			);
			defaultConfigurationIsVisible = 0;
			defaultConfigurationName = Release;
		};
		183FE0562CC1A2EF007979F9 /* Build configuration list for PBXNativeTarget "CashFloat" */ = {
			isa = XCConfigurationList;
			buildConfigurations = (
				183FE0572CC1A2EF007979F9 /* Debug */,
				183FE0582CC1A2EF007979F9 /* Release */,
			);
			defaultConfigurationIsVisible = 0;
			defaultConfigurationName = Release;
		};
		183FE05B2CC1A2EF007979F9 /* Build configuration list for PBXNativeTarget "CashFloatTests" */ = {
			isa = XCConfigurationList;
			buildConfigurations = (
				183FE05C2CC1A2EF007979F9 /* Debug */,
				183FE05D2CC1A2EF007979F9 /* Release */,
			);
			defaultConfigurationIsVisible = 0;
			defaultConfigurationName = Release;
		};
		183FE05E2CC1A2EF007979F9 /* Build configuration list for PBXNativeTarget "CashFloatUITests" */ = {
			isa = XCConfigurationList;
			buildConfigurations = (
				183FE05F2CC1A2EF007979F9 /* Debug */,
				183FE0602CC1A2EF007979F9 /* Release */,
			);
			defaultConfigurationIsVisible = 0;
			defaultConfigurationName = Release;
		};
/* End XCConfigurationList section */
	};
	rootObject = 183FE0252CC1A2EB007979F9 /* Project object */;
}
